
Microsoft Visual Studio Solution File, Format Version 12.00
# Visual Studio Version 16
VisualStudioVersion = 16.0.31424.327
MinimumVisualStudioVersion = 10.0.40219.1
Project("{FAE04EC0-301F-11D3-BF4B-00C04F79EFBC}") = "DeleteUnusedFileAutomatically", "DeleteUnusedFileAutomatically\DeleteUnusedFileAutomatically.csproj", "{C8047383-992F-491D-BB80-8894D0A1B365}"
EndProject
Global
	GlobalSection(SolutionConfigurationPlatforms) = preSolution
		Debug|Any CPU = Debug|Any CPU
		Release|Any CPU = Release|Any CPU
	EndGlobalSection
	GlobalSection(ProjectConfigurationPlatforms) = postSolution
		{C8047383-992F-491D-BB80-8894D0A1B365}.Debug|Any CPU.ActiveCfg = Debug|Any CPU
		{C8047383-992F-491D-BB80-8894D0A1B365}.Debug|Any CPU.Build.0 = Debug|Any CPU
		{C8047383-992F-491D-BB80-8894D0A1B365}.Release|Any CPU.ActiveCfg = Release|Any CPU
		{C8047383-992F-491D-BB80-8894D0A1B365}.Release|Any CPU.Build.0 = Release|Any CPU
	EndGlobalSection
	GlobalSection(SolutionProperties) = preSolution
		HideSolutionNode = FALSE
	EndGlobalSection
	GlobalSection(ExtensibilityGlobals) = postSolution
		SolutionGuid = {4F9AAD2B-FE02-430E-9D08-53BB8448E589}
	EndGlobalSection
EndGlobal
